github.com/VictoriaMetrics/metrics v1.4.0 h1:3+XdciC4E8sywx+0PStXhtIdWxXP2bdJ06Whw0mViQE=
github.com/VictoriaMetrics/metrics v1.4.0/go.mod h1:QZAL5yLaXvhSPeib0ahluGo9VK0HXDZHovKaKlpuWvs=
github.com/goburrow/modbus v0.1.0 h1:DejRZY73nEM6+bt5JSP6IsFolJ9dVcqxsYbpLbeW/ro=
github.com/goburrow/modbus v0.1.0/go.mod h1:Kx552D5rLIS8E7TyUwQ/UdHEqvX5T8tyiGBTlzMcZBg=
github.com/goburrow/serial v0.1.0 h1:v2T1SQa/dlUqQiYIT8+Cu7YolfqAi3K96UmhwYyuSrA=
github.com/goburrow/serial v0.1.0/go.mod h1:sAiqG0nRVswsm1C97xsttiYCzSLBmUZ/VSlVLZJ8haA=
github.com/valyala/fastrand v1.0.0 h1:LUKT9aKer2dVQNUi3waewTbKV+7H17kvWFNKs2ObdkI=
github.com/valyala/fastrand v1.0.0/go.mod h1:HWqCzkrkg6QXT8V2EXWvXCoow7vLwOFN002oeRzjapQ=
github.com/valyala/histogram v1.0.1 h1:FzA7n2Tz/wKRMejgu3PV1vw3htAklTjjuoI6z3d4KDg=
github.com/valyala/histogram v1.0.1/go.mod h1:lQy0xA4wUz2+IUnf97SivorsJIp8FxsnRd6x25q7Mto=
golang.org/x/sync v0.0.0-20181108010431-42b317875d0f h1:Bl/8QSvNqXvPGPGXa2z5xUTmV7VDcZyvRZ+QQXkXTZQ=
golang.org/x/sync v0.0.0-20181108010431-42b317875d0f/go.mod h1:RxMgew5VJxzue5/jJTE5uejpjVlOe/izrB70Jof72aM=
